{
  "nodes": {
    "flake-parts": {
      "inputs": {
        "nixpkgs-lib": [
          "nixvim",
          "nixpkgs"
        ]
      },
      "locked": {
        "lastModified": 1730504689,
        "narHash": "sha256-hgmguH29K2fvs9szpq2r3pz2/8cJd2LPS+b4tfNFCwE=",
        "owner": "hercules-ci",
        "repo": "flake-parts",
        "rev": "506278e768c2a08bec68eb62932193e341f55c90",
        "type": "github"
      },
      "original": {
        "owner": "hercules-ci",
        "repo": "flake-parts",
        "type": "github"
      }
    },
    "nixpkgs": {
      "locked": {
        "lastModified": 1730785428,
        "narHash": "sha256-Zwl8YgTVJTEum+L+0zVAWvXAGbWAuXHax3KzuejaDyo=",
        "owner": "NixOS",
        "repo": "nixpkgs",
        "rev": "4aa36568d413aca0ea84a1684d2d46f55dbabad7",
        "type": "github"
      },
      "original": {
        "owner": "NixOS",
        "ref": "nixos-unstable",
        "repo": "nixpkgs",
        "type": "github"
      }
    },
    "nixvim": {
      "inputs": {
        "devshell": [],
        "flake-compat": [],
        "flake-parts": "flake-parts",
        "git-hooks": [],
        "home-manager": [],
        "nix-darwin": [],
        "nixpkgs": [
          "nixpkgs"
        ],
        "nuschtosSearch": [],
        "treefmt-nix": []
      },
      "locked": {
        "lastModified": 1731155487,
        "narHash": "sha256-+D57j7BcV5O3XH9za3c3XXVLHr+F+enThAN2EeF6H/M=",
        "owner": "nix-community",
        "repo": "nixvim",
        "rev": "31364af1990067d5529846a2ebf17a42c5ab22ff",
        "type": "github"
      },
      "original": {
        "owner": "nix-community",
        "repo": "nixvim",
        "type": "github"
      }
    },
    "root": {
      "inputs": {
        "nixpkgs": "nixpkgs",
        "nixvim": "nixvim"
      }
    }
  },
  "root": "root",
  "version": 7
}
