{
  "nodes": {
    "flake-parts": {
      "inputs": {
        "nixpkgs-lib": [
          "nixvim",
          "nixpkgs"
        ]
      },
      "locked": {
        "lastModified": 1736143030,
        "narHash": "sha256-+hu54pAoLDEZT9pjHlqL9DNzWz0NbUn8NEAHP7PQPzU=",
        "owner": "hercules-ci",
        "repo": "flake-parts",
        "rev": "b905f6fc23a9051a6e1b741e1438dbfc0634c6de",
        "type": "github"
      },
      "original": {
        "owner": "hercules-ci",
        "repo": "flake-parts",
        "type": "github"
      }
    },
    "nixpkgs": {
      "locked": {
        "lastModified": 1737062831,
        "narHash": "sha256-Tbk1MZbtV2s5aG+iM99U8FqwxU/YNArMcWAv6clcsBc=",
        "owner": "NixOS",
        "repo": "nixpkgs",
        "rev": "5df43628fdf08d642be8ba5b3625a6c70731c19c",
        "type": "github"
      },
      "original": {
        "owner": "NixOS",
        "ref": "nixos-unstable",
        "repo": "nixpkgs",
        "type": "github"
      }
    },
    "nixvim": {
      "inputs": {
        "devshell": [],
        "flake-compat": [],
        "flake-parts": "flake-parts",
        "git-hooks": [],
        "home-manager": [],
        "nix-darwin": [],
        "nixpkgs": [
          "nixpkgs"
        ],
        "nuschtosSearch": [],
        "treefmt-nix": []
      },
      "locked": {
        "lastModified": 1737287784,
        "narHash": "sha256-tS4hbLoZsD9+GVM4NvnFQN2IK/SQkAhhK/YGLJFiwfk=",
        "owner": "nix-community",
        "repo": "nixvim",
        "rev": "998bae9daceeb9bcad8126a3c4d159d9a677ba2c",
        "type": "github"
      },
      "original": {
        "owner": "nix-community",
        "repo": "nixvim",
        "type": "github"
      }
    },
    "root": {
      "inputs": {
        "nixpkgs": "nixpkgs",
        "nixvim": "nixvim"
      }
    }
  },
  "root": "root",
  "version": 7
}
